
Microsoft Visual Studio Solution File, Format Version 12.00
# Visual Studio Version 17
VisualStudioVersion = 17.5.002.0
MinimumVisualStudioVersion = 10.0.40219.1
Project("{9A19103F-16F7-4668-BE54-9A1E7A4F7556}") = "Work with variable data in  C# console applications", "Work with variable data in  C# console applications.csproj", "{0D58962E-9CBA-4FDA-A683-AFA1047A0A6C}"
EndProject
Global
	GlobalSection(SolutionConfigurationPlatforms) = preSolution
		Debug|Any CPU = Debug|Any CPU
		Release|Any CPU = Release|Any CPU
	EndGlobalSection
	GlobalSection(ProjectConfigurationPlatforms) = postSolution
		{0D58962E-9CBA-4FDA-A683-AFA1047A0A6C}.Debug|Any CPU.ActiveCfg = Debug|Any CPU
		{0D58962E-9CBA-4FDA-A683-AFA1047A0A6C}.Debug|Any CPU.Build.0 = Debug|Any CPU
		{0D58962E-9CBA-4FDA-A683-AFA1047A0A6C}.Release|Any CPU.ActiveCfg = Release|Any CPU
		{0D58962E-9CBA-4FDA-A683-AFA1047A0A6C}.Release|Any CPU.Build.0 = Release|Any CPU
	EndGlobalSection
	GlobalSection(SolutionProperties) = preSolution
		HideSolutionNode = FALSE
	EndGlobalSection
	GlobalSection(ExtensibilityGlobals) = postSolution
		SolutionGuid = {124BF152-800E-484A-A4F8-CF3520BE4AD6}
	EndGlobalSection
EndGlobal
