
Microsoft Visual Studio Solution File, Format Version 12.00
# Visual Studio Version 17
VisualStudioVersion = 17.5.002.0
MinimumVisualStudioVersion = 10.0.40219.1
Project("{9A19103F-16F7-4668-BE54-9A1E7A4F7556}") = "Create methods in C# console applications", "Create methods in C# console applications.csproj", "{79B8DE1E-5E20-4E69-9B74-DB889B6DC3C6}"
EndProject
Global
	GlobalSection(SolutionConfigurationPlatforms) = preSolution
		Debug|Any CPU = Debug|Any CPU
		Release|Any CPU = Release|Any CPU
	EndGlobalSection
	GlobalSection(ProjectConfigurationPlatforms) = postSolution
		{79B8DE1E-5E20-4E69-9B74-DB889B6DC3C6}.Debug|Any CPU.ActiveCfg = Debug|Any CPU
		{79B8DE1E-5E20-4E69-9B74-DB889B6DC3C6}.Debug|Any CPU.Build.0 = Debug|Any CPU
		{79B8DE1E-5E20-4E69-9B74-DB889B6DC3C6}.Release|Any CPU.ActiveCfg = Release|Any CPU
		{79B8DE1E-5E20-4E69-9B74-DB889B6DC3C6}.Release|Any CPU.Build.0 = Release|Any CPU
	EndGlobalSection
	GlobalSection(SolutionProperties) = preSolution
		HideSolutionNode = FALSE
	EndGlobalSection
	GlobalSection(ExtensibilityGlobals) = postSolution
		SolutionGuid = {EA3F107C-8325-46F5-93DF-DBE41A0BF925}
	EndGlobalSection
EndGlobal
