
Microsoft Visual Studio Solution File, Format Version 12.00
# Visual Studio Version 17
VisualStudioVersion = 17.5.002.0
MinimumVisualStudioVersion = 10.0.40219.1
Project("{2150E333-8FDC-42A3-9474-1A3956D46DE8}") = "Challenge-project-Create-methods-in-CSharp-main", "Challenge-project-Create-methods-in-CSharp-main", "{1BE151C2-1D78-4722-BF35-9140000A07A4}"
EndProject
Project("{9A19103F-16F7-4668-BE54-9A1E7A4F7556}") = "Final", "Challenge-project-Create-methods-in-CSharp-main\Final\Final.csproj", "{0B619730-073D-4285-B811-C572D8333AFE}"
EndProject
Project("{9A19103F-16F7-4668-BE54-9A1E7A4F7556}") = "Starter", "Challenge-project-Create-methods-in-CSharp-main\Starter\Starter.csproj", "{D6C26A19-5E62-4516-B7AB-27854CF50CA6}"
EndProject
Global
	GlobalSection(SolutionConfigurationPlatforms) = preSolution
		Debug|Any CPU = Debug|Any CPU
		Release|Any CPU = Release|Any CPU
	EndGlobalSection
	GlobalSection(ProjectConfigurationPlatforms) = postSolution
		{0B619730-073D-4285-B811-C572D8333AFE}.Debug|Any CPU.ActiveCfg = Debug|Any CPU
		{0B619730-073D-4285-B811-C572D8333AFE}.Debug|Any CPU.Build.0 = Debug|Any CPU
		{0B619730-073D-4285-B811-C572D8333AFE}.Release|Any CPU.ActiveCfg = Release|Any CPU
		{0B619730-073D-4285-B811-C572D8333AFE}.Release|Any CPU.Build.0 = Release|Any CPU
		{D6C26A19-5E62-4516-B7AB-27854CF50CA6}.Debug|Any CPU.ActiveCfg = Debug|Any CPU
		{D6C26A19-5E62-4516-B7AB-27854CF50CA6}.Debug|Any CPU.Build.0 = Debug|Any CPU
		{D6C26A19-5E62-4516-B7AB-27854CF50CA6}.Release|Any CPU.ActiveCfg = Release|Any CPU
		{D6C26A19-5E62-4516-B7AB-27854CF50CA6}.Release|Any CPU.Build.0 = Release|Any CPU
	EndGlobalSection
	GlobalSection(SolutionProperties) = preSolution
		HideSolutionNode = FALSE
	EndGlobalSection
	GlobalSection(NestedProjects) = preSolution
		{0B619730-073D-4285-B811-C572D8333AFE} = {1BE151C2-1D78-4722-BF35-9140000A07A4}
		{D6C26A19-5E62-4516-B7AB-27854CF50CA6} = {1BE151C2-1D78-4722-BF35-9140000A07A4}
	EndGlobalSection
	GlobalSection(ExtensibilityGlobals) = postSolution
		SolutionGuid = {C307DD82-8C2F-4339-8545-2240D946BD7D}
	EndGlobalSection
EndGlobal
