
Microsoft Visual Studio Solution File, Format Version 12.00
# Visual Studio Version 17
VisualStudioVersion = 17.5.002.0
MinimumVisualStudioVersion = 10.0.40219.1
Project("{9A19103F-16F7-4668-BE54-9A1E7A4F7556}") = "TestProject2", "TestProject2.csproj", "{3B692C3C-71B2-434B-BF8C-1802B6E35461}"
EndProject
Global
	GlobalSection(SolutionConfigurationPlatforms) = preSolution
		Debug|Any CPU = Debug|Any CPU
		Release|Any CPU = Release|Any CPU
	EndGlobalSection
	GlobalSection(ProjectConfigurationPlatforms) = postSolution
		{3B692C3C-71B2-434B-BF8C-1802B6E35461}.Debug|Any CPU.ActiveCfg = Debug|Any CPU
		{3B692C3C-71B2-434B-BF8C-1802B6E35461}.Debug|Any CPU.Build.0 = Debug|Any CPU
		{3B692C3C-71B2-434B-BF8C-1802B6E35461}.Release|Any CPU.ActiveCfg = Release|Any CPU
		{3B692C3C-71B2-434B-BF8C-1802B6E35461}.Release|Any CPU.Build.0 = Release|Any CPU
	EndGlobalSection
	GlobalSection(SolutionProperties) = preSolution
		HideSolutionNode = FALSE
	EndGlobalSection
	GlobalSection(ExtensibilityGlobals) = postSolution
		SolutionGuid = {33D29A3E-C344-43D1-B723-FA34B940DFE8}
	EndGlobalSection
EndGlobal
